
Microsoft Visual Studio Solution File, Format Version 12.00
# Visual Studio Version 17
VisualStudioVersion = 17.7.34221.43
MinimumVisualStudioVersion = 10.0.40219.1
Project("{FAE04EC0-301F-11D3-BF4B-00C04F79EFBC}") = "BackendApi", "BackendApi\BackendApi.csproj", "{46B6AEF5-14AB-4EFD-B8BD-0EFBD561CE9A}"
EndProject
Global
	GlobalSection(SolutionConfigurationPlatforms) = preSolution
		Debug|Any CPU = Debug|Any CPU
		Release|Any CPU = Release|Any CPU
	EndGlobalSection
	GlobalSection(ProjectConfigurationPlatforms) = postSolution
		{46B6AEF5-14AB-4EFD-B8BD-0EFBD561CE9A}.Debug|Any CPU.ActiveCfg = Debug|Any CPU
		{46B6AEF5-14AB-4EFD-B8BD-0EFBD561CE9A}.Debug|Any CPU.Build.0 = Debug|Any CPU
		{46B6AEF5-14AB-4EFD-B8BD-0EFBD561CE9A}.Release|Any CPU.ActiveCfg = Release|Any CPU
		{46B6AEF5-14AB-4EFD-B8BD-0EFBD561CE9A}.Release|Any CPU.Build.0 = Release|Any CPU
	EndGlobalSection
	GlobalSection(SolutionProperties) = preSolution
		HideSolutionNode = FALSE
	EndGlobalSection
	GlobalSection(ExtensibilityGlobals) = postSolution
		SolutionGuid = {61FE8D6A-4F21-47AF-A4EF-C0CE6CD5ED38}
	EndGlobalSection
EndGlobal
